// !$*UTF8*$!
{
	archiveVersion = 1;
	classes = {
	};
	objectVersion = 77;
	objects = {

/* Begin PBXBuildFile section */
		DA0723342DC883B7004E50C8 /* AntiSnoozeWatch Watch App.app in Embed Watch Content */ = {isa = PBXBuildFile; fileRef = DA0723142DC883B6004E50C8 /* AntiSnoozeWatch Watch App.app */; settings = {ATTRIBUTES = (RemoveHeadersOnCopy, ); }; };
		DA07235D2DC89B4E004E50C8 /* SettingsManager.swift in Sources */ = {isa = PBXBuildFile; fileRef = DA0723422DC88D73004E50C8 /* SettingsManager.swift */; };
		DA07235E2DC89B4E004E50C8 /* SettingsManager.swift in Sources */ = {isa = PBXBuildFile; fileRef = DA0723422DC88D73004E50C8 /* SettingsManager.swift */; };
		DA07235F2DC89BDA004E50C8 /* WatchConnectivityManager.swift in Sources */ = {isa = PBXBuildFile; fileRef = DA0723412DC88D57004E50C8 /* WatchConnectivityManager.swift */; };
		DA0723602DC89BDA004E50C8 /* WatchConnectivityManager.swift in Sources */ = {isa = PBXBuildFile; fileRef = DA0723412DC88D57004E50C8 /* WatchConnectivityManager.swift */; };
		DA0723612DC89BE3004E50C8 /* Model.swift in Sources */ = {isa = PBXBuildFile; fileRef = DA0723402DC88D1A004E50C8 /* Model.swift */; };
		DA0723622DC89BE3004E50C8 /* Model.swift in Sources */ = {isa = PBXBuildFile; fileRef = DA0723402DC88D1A004E50C8 /* Model.swift */; };
/* End PBXBuildFile section */

/* Begin PBXContainerItemProxy section */
		DA0722F42DC880A1004E50C8 /* PBXContainerItemProxy */ = {
			isa = PBXContainerItemProxy;
			containerPortal = DA0722DD2DC880A0004E50C8 /* Project object */;
			proxyType = 1;
			remoteGlobalIDString = DA0722E42DC880A0004E50C8;
			remoteInfo = AntiSnooze;
		};
		DA0722FE2DC880A1004E50C8 /* PBXContainerItemProxy */ = {
			isa = PBXContainerItemProxy;
			containerPortal = DA0722DD2DC880A0004E50C8 /* Project object */;
			proxyType = 1;
			remoteGlobalIDString = DA0722E42DC880A0004E50C8;
			remoteInfo = AntiSnooze;
		};
		DA0723212DC883B7004E50C8 /* PBXContainerItemProxy */ = {
			isa = PBXContainerItemProxy;
			containerPortal = DA0722DD2DC880A0004E50C8 /* Project object */;
			proxyType = 1;
			remoteGlobalIDString = DA0723132DC883B6004E50C8;
			remoteInfo = "AntiSnoozeWatch Watch App";
		};
		DA07232B2DC883B7004E50C8 /* PBXContainerItemProxy */ = {
			isa = PBXContainerItemProxy;
			containerPortal = DA0722DD2DC880A0004E50C8 /* Project object */;
			proxyType = 1;
			remoteGlobalIDString = DA0723132DC883B6004E50C8;
			remoteInfo = "AntiSnoozeWatch Watch App";
		};
		DA0723322DC883B7004E50C8 /* PBXContainerItemProxy */ = {
			isa = PBXContainerItemProxy;
			containerPortal = DA0722DD2DC880A0004E50C8 /* Project object */;
			proxyType = 1;
			remoteGlobalIDString = DA0723132DC883B6004E50C8;
			remoteInfo = "AntiSnoozeWatch Watch App";
		};
/* End PBXContainerItemProxy section */

/* Begin PBXCopyFilesBuildPhase section */
		DA0723382DC883B7004E50C8 /* Embed Watch Content */ = {
			isa = PBXCopyFilesBuildPhase;
			buildActionMask = 2147483647;
			dstPath = "$(CONTENTS_FOLDER_PATH)/Watch";
			dstSubfolderSpec = 16;
			files = (
				DA0723342DC883B7004E50C8 /* AntiSnoozeWatch Watch App.app in Embed Watch Content */,
			);
			name = "Embed Watch Content";
			runOnlyForDeploymentPostprocessing = 0;
		};
/* End PBXCopyFilesBuildPhase section */

/* Begin PBXFileReference section */
		DA0722E52DC880A0004E50C8 /* AntiSnooze.app */ = {isa = PBXFileReference; explicitFileType = wrapper.application; includeInIndex = 0; path = AntiSnooze.app; sourceTree = BUILT_PRODUCTS_DIR; };
		DA0722F32DC880A1004E50C8 /* AntiSnoozeTests.xctest */ = {isa = PBXFileReference; explicitFileType = wrapper.cfbundle; includeInIndex = 0; path = AntiSnoozeTests.xctest; sourceTree = BUILT_PRODUCTS_DIR; };
		DA0722FD2DC880A1004E50C8 /* AntiSnoozeUITests.xctest */ = {isa = PBXFileReference; explicitFileType = wrapper.cfbundle; includeInIndex = 0; path = AntiSnoozeUITests.xctest; sourceTree = BUILT_PRODUCTS_DIR; };
		DA0723142DC883B6004E50C8 /* AntiSnoozeWatch Watch App.app */ = {isa = PBXFileReference; explicitFileType = wrapper.application; includeInIndex = 0; path = "AntiSnoozeWatch Watch App.app"; sourceTree = BUILT_PRODUCTS_DIR; };
		DA0723202DC883B7004E50C8 /* AntiSnoozeWatch Watch AppTests.xctest */ = {isa = PBXFileReference; explicitFileType = wrapper.cfbundle; includeInIndex = 0; path = "AntiSnoozeWatch Watch AppTests.xctest"; sourceTree = BUILT_PRODUCTS_DIR; };
		DA07232A2DC883B7004E50C8 /* AntiSnoozeWatch Watch AppUITests.xctest */ = {isa = PBXFileReference; explicitFileType = wrapper.cfbundle; includeInIndex = 0; path = "AntiSnoozeWatch Watch AppUITests.xctest"; sourceTree = BUILT_PRODUCTS_DIR; };
		DA0723402DC88D1A004E50C8 /* Model.swift */ = {isa = PBXFileReference; lastKnownFileType = sourcecode.swift; path = Model.swift; sourceTree = "<group>"; };
		DA0723412DC88D57004E50C8 /* WatchConnectivityManager.swift */ = {isa = PBXFileReference; lastKnownFileType = sourcecode.swift; path = WatchConnectivityManager.swift; sourceTree = "<group>"; };
		DA0723422DC88D73004E50C8 /* SettingsManager.swift */ = {isa = PBXFileReference; lastKnownFileType = sourcecode.swift; path = SettingsManager.swift; sourceTree = "<group>"; };
/* End PBXFileReference section */

/* Begin PBXFileSystemSynchronizedBuildFileExceptionSet section */
		DA0723642DC89BF4004E50C8 /* Exceptions for "AntiSnooze" folder in "AntiSnoozeWatch Watch App" target */ = {
			isa = PBXFileSystemSynchronizedBuildFileExceptionSet;
			membershipExceptions = (
				Views/AlarmSettingView.swift,
				Views/MainView.swift,
			);
			target = DA0723132DC883B6004E50C8 /* AntiSnoozeWatch Watch App */;
		};
/* End PBXFileSystemSynchronizedBuildFileExceptionSet section */

/* Begin PBXFileSystemSynchronizedRootGroup section */
		DA0722E72DC880A0004E50C8 /* AntiSnooze */ = {
			isa = PBXFileSystemSynchronizedRootGroup;
			exceptions = (
				DA0723642DC89BF4004E50C8 /* Exceptions for "AntiSnooze" folder in "AntiSnoozeWatch Watch App" target */,
			);
			path = AntiSnooze;
			sourceTree = "<group>";
		};
		DA0722F62DC880A1004E50C8 /* AntiSnoozeTests */ = {
			isa = PBXFileSystemSynchronizedRootGroup;
			path = AntiSnoozeTests;
			sourceTree = "<group>";
		};
		DA0723002DC880A1004E50C8 /* AntiSnoozeUITests */ = {
			isa = PBXFileSystemSynchronizedRootGroup;
			path = AntiSnoozeUITests;
			sourceTree = "<group>";
		};
		DA0723152DC883B6004E50C8 /* AntiSnoozeWatch Watch App */ = {
			isa = PBXFileSystemSynchronizedRootGroup;
			path = "AntiSnoozeWatch Watch App";
			sourceTree = "<group>";
		};
		DA0723232DC883B7004E50C8 /* AntiSnoozeWatch Watch AppTests */ = {
			isa = PBXFileSystemSynchronizedRootGroup;
			path = "AntiSnoozeWatch Watch AppTests";
			sourceTree = "<group>";
		};
		DA07232D2DC883B7004E50C8 /* AntiSnoozeWatch Watch AppUITests */ = {
			isa = PBXFileSystemSynchronizedRootGroup;
			path = "AntiSnoozeWatch Watch AppUITests";
			sourceTree = "<group>";
		};
/* End PBXFileSystemSynchronizedRootGroup section */

/* Begin PBXFrameworksBuildPhase section */
		DA0722E22DC880A0004E50C8 /* Frameworks */ = {
			isa = PBXFrameworksBuildPhase;
			buildActionMask = 2147483647;
			files = (
			);
			runOnlyForDeploymentPostprocessing = 0;
		};
		DA0722F02DC880A1004E50C8 /* Frameworks */ = {
			isa = PBXFrameworksBuildPhase;
			buildActionMask = 2147483647;
			files = (
			);
			runOnlyForDeploymentPostprocessing = 0;
		};
		DA0722FA2DC880A1004E50C8 /* Frameworks */ = {
			isa = PBXFrameworksBuildPhase;
			buildActionMask = 2147483647;
			files = (
			);
			runOnlyForDeploymentPostprocessing = 0;
		};
		DA0723112DC883B6004E50C8 /* Frameworks */ = {
			isa = PBXFrameworksBuildPhase;
			buildActionMask = 2147483647;
			files = (
			);
			runOnlyForDeploymentPostprocessing = 0;
		};
		DA07231D2DC883B7004E50C8 /* Frameworks */ = {
			isa = PBXFrameworksBuildPhase;
			buildActionMask = 2147483647;
			files = (
			);
			runOnlyForDeploymentPostprocessing = 0;
		};
		DA0723272DC883B7004E50C8 /* Frameworks */ = {
			isa = PBXFrameworksBuildPhase;
			buildActionMask = 2147483647;
			files = (
			);
			runOnlyForDeploymentPostprocessing = 0;
		};
/* End PBXFrameworksBuildPhase section */

/* Begin PBXGroup section */
		DA0722DC2DC880A0004E50C8 = {
			isa = PBXGroup;
			children = (
				DA07233F2DC88CF8004E50C8 /* Shared */,
				DA0722E72DC880A0004E50C8 /* AntiSnooze */,
				DA0722F62DC880A1004E50C8 /* AntiSnoozeTests */,
				DA0723002DC880A1004E50C8 /* AntiSnoozeUITests */,
				DA0723152DC883B6004E50C8 /* AntiSnoozeWatch Watch App */,
				DA0723232DC883B7004E50C8 /* AntiSnoozeWatch Watch AppTests */,
				DA07232D2DC883B7004E50C8 /* AntiSnoozeWatch Watch AppUITests */,
				DA0722E62DC880A0004E50C8 /* Products */,
			);
			sourceTree = "<group>";
		};
		DA0722E62DC880A0004E50C8 /* Products */ = {
			isa = PBXGroup;
			children = (
				DA0722E52DC880A0004E50C8 /* AntiSnooze.app */,
				DA0722F32DC880A1004E50C8 /* AntiSnoozeTests.xctest */,
				DA0722FD2DC880A1004E50C8 /* AntiSnoozeUITests.xctest */,
				DA0723142DC883B6004E50C8 /* AntiSnoozeWatch Watch App.app */,
				DA0723202DC883B7004E50C8 /* AntiSnoozeWatch Watch AppTests.xctest */,
				DA07232A2DC883B7004E50C8 /* AntiSnoozeWatch Watch AppUITests.xctest */,
			);
			name = Products;
			sourceTree = "<group>";
		};
		DA07233F2DC88CF8004E50C8 /* Shared */ = {
			isa = PBXGroup;
			children = (
				DA0723422DC88D73004E50C8 /* SettingsManager.swift */,
				DA0723412DC88D57004E50C8 /* WatchConnectivityManager.swift */,
				DA0723402DC88D1A004E50C8 /* Model.swift */,
			);
			path = Shared;
			sourceTree = "<group>";
		};
/* End PBXGroup section */

/* Begin PBXNativeTarget section */
		DA0722E42DC880A0004E50C8 /* AntiSnooze */ = {
			isa = PBXNativeTarget;
			buildConfigurationList = DA0723072DC880A1004E50C8 /* Build configuration list for PBXNativeTarget "AntiSnooze" */;
			buildPhases = (
				DA0722E12DC880A0004E50C8 /* Sources */,
				DA0722E22DC880A0004E50C8 /* Frameworks */,
				DA0722E32DC880A0004E50C8 /* Resources */,
				DA0723382DC883B7004E50C8 /* Embed Watch Content */,
			);
			buildRules = (
			);
			dependencies = (
				DA0723332DC883B7004E50C8 /* PBXTargetDependency */,
			);
			fileSystemSynchronizedGroups = (
				DA0722E72DC880A0004E50C8 /* AntiSnooze */,
			);
			name = AntiSnooze;
			packageProductDependencies = (
			);
			productName = AntiSnooze;
			productReference = DA0722E52DC880A0004E50C8 /* AntiSnooze.app */;
			productType = "com.apple.product-type.application";
		};
		DA0722F22DC880A1004E50C8 /* AntiSnoozeTests */ = {
			isa = PBXNativeTarget;
			buildConfigurationList = DA07230A2DC880A1004E50C8 /* Build configuration list for PBXNativeTarget "AntiSnoozeTests" */;
			buildPhases = (
				DA0722EF2DC880A1004E50C8 /* Sources */,
				DA0722F02DC880A1004E50C8 /* Frameworks */,
				DA0722F12DC880A1004E50C8 /* Resources */,
			);
			buildRules = (
			);
			dependencies = (
				DA0722F52DC880A1004E50C8 /* PBXTargetDependency */,
			);
			fileSystemSynchronizedGroups = (
				DA0722F62DC880A1004E50C8 /* AntiSnoozeTests */,
			);
			name = AntiSnoozeTests;
			packageProductDependencies = (
			);
			productName = AntiSnoozeTests;
			productReference = DA0722F32DC880A1004E50C8 /* AntiSnoozeTests.xctest */;
			productType = "com.apple.product-type.bundle.unit-test";
		};
		DA0722FC2DC880A1004E50C8 /* AntiSnoozeUITests */ = {
			isa = PBXNativeTarget;
			buildConfigurationList = DA07230D2DC880A1004E50C8 /* Build configuration list for PBXNativeTarget "AntiSnoozeUITests" */;
			buildPhases = (
				DA0722F92DC880A1004E50C8 /* Sources */,
				DA0722FA2DC880A1004E50C8 /* Frameworks */,
				DA0722FB2DC880A1004E50C8 /* Resources */,
			);
			buildRules = (
			);
			dependencies = (
				DA0722FF2DC880A1004E50C8 /* PBXTargetDependency */,
			);
			fileSystemSynchronizedGroups = (
				DA0723002DC880A1004E50C8 /* AntiSnoozeUITests */,
			);
			name = AntiSnoozeUITests;
			packageProductDependencies = (
			);
			productName = AntiSnoozeUITests;
			productReference = DA0722FD2DC880A1004E50C8 /* AntiSnoozeUITests.xctest */;
			productType = "com.apple.product-type.bundle.ui-testing";
		};
		DA0723132DC883B6004E50C8 /* AntiSnoozeWatch Watch App */ = {
			isa = PBXNativeTarget;
			buildConfigurationList = DA0723352DC883B7004E50C8 /* Build configuration list for PBXNativeTarget "AntiSnoozeWatch Watch App" */;
			buildPhases = (
				DA0723102DC883B6004E50C8 /* Sources */,
				DA0723112DC883B6004E50C8 /* Frameworks */,
				DA0723122DC883B6004E50C8 /* Resources */,
			);
			buildRules = (
			);
			dependencies = (
			);
			fileSystemSynchronizedGroups = (
				DA0723152DC883B6004E50C8 /* AntiSnoozeWatch Watch App */,
			);
			name = "AntiSnoozeWatch Watch App";
			packageProductDependencies = (
			);
			productName = "AntiSnoozeWatch Watch App";
			productReference = DA0723142DC883B6004E50C8 /* AntiSnoozeWatch Watch App.app */;
			productType = "com.apple.product-type.application";
		};
		DA07231F2DC883B7004E50C8 /* AntiSnoozeWatch Watch AppTests */ = {
			isa = PBXNativeTarget;
			buildConfigurationList = DA0723392DC883B7004E50C8 /* Build configuration list for PBXNativeTarget "AntiSnoozeWatch Watch AppTests" */;
			buildPhases = (
				DA07231C2DC883B7004E50C8 /* Sources */,
				DA07231D2DC883B7004E50C8 /* Frameworks */,
				DA07231E2DC883B7004E50C8 /* Resources */,
			);
			buildRules = (
			);
			dependencies = (
				DA0723222DC883B7004E50C8 /* PBXTargetDependency */,
			);
			fileSystemSynchronizedGroups = (
				DA0723232DC883B7004E50C8 /* AntiSnoozeWatch Watch AppTests */,
			);
			name = "AntiSnoozeWatch Watch AppTests";
			packageProductDependencies = (
			);
			productName = "AntiSnoozeWatch Watch AppTests";
			productReference = DA0723202DC883B7004E50C8 /* AntiSnoozeWatch Watch AppTests.xctest */;
			productType = "com.apple.product-type.bundle.unit-test";
		};
		DA0723292DC883B7004E50C8 /* AntiSnoozeWatch Watch AppUITests */ = {
			isa = PBXNativeTarget;
			buildConfigurationList = DA07233C2DC883B7004E50C8 /* Build configuration list for PBXNativeTarget "AntiSnoozeWatch Watch AppUITests" */;
			buildPhases = (
				DA0723262DC883B7004E50C8 /* Sources */,
				DA0723272DC883B7004E50C8 /* Frameworks */,
				DA0723282DC883B7004E50C8 /* Resources */,
			);
			buildRules = (
			);
			dependencies = (
				DA07232C2DC883B7004E50C8 /* PBXTargetDependency */,
			);
			fileSystemSynchronizedGroups = (
				DA07232D2DC883B7004E50C8 /* AntiSnoozeWatch Watch AppUITests */,
			);
			name = "AntiSnoozeWatch Watch AppUITests";
			packageProductDependencies = (
			);
			productName = "AntiSnoozeWatch Watch AppUITests";
			productReference = DA07232A2DC883B7004E50C8 /* AntiSnoozeWatch Watch AppUITests.xctest */;
			productType = "com.apple.product-type.bundle.ui-testing";
		};
/* End PBXNativeTarget section */

/* Begin PBXProject section */
		DA0722DD2DC880A0004E50C8 /* Project object */ = {
			isa = PBXProject;
			attributes = {
				BuildIndependentTargetsInParallel = 1;
				LastSwiftUpdateCheck = 1630;
				LastUpgradeCheck = 1630;
				TargetAttributes = {
					DA0722E42DC880A0004E50C8 = {
						CreatedOnToolsVersion = 16.3;
					};
					DA0722F22DC880A1004E50C8 = {
						CreatedOnToolsVersion = 16.3;
						TestTargetID = DA0722E42DC880A0004E50C8;
					};
					DA0722FC2DC880A1004E50C8 = {
						CreatedOnToolsVersion = 16.3;
						TestTargetID = DA0722E42DC880A0004E50C8;
					};
					DA0723132DC883B6004E50C8 = {
						CreatedOnToolsVersion = 16.3;
					};
					DA07231F2DC883B7004E50C8 = {
						CreatedOnToolsVersion = 16.3;
						TestTargetID = DA0723132DC883B6004E50C8;
					};
					DA0723292DC883B7004E50C8 = {
						CreatedOnToolsVersion = 16.3;
						TestTargetID = DA0723132DC883B6004E50C8;
					};
				};
			};
			buildConfigurationList = DA0722E02DC880A0004E50C8 /* Build configuration list for PBXProject "AntiSnooze" */;
			developmentRegion = en;
			hasScannedForEncodings = 0;
			knownRegions = (
				en,
				Base,
			);
			mainGroup = DA0722DC2DC880A0004E50C8;
			minimizedProjectReferenceProxies = 1;
			preferredProjectObjectVersion = 77;
			productRefGroup = DA0722E62DC880A0004E50C8 /* Products */;
			projectDirPath = "";
			projectRoot = "";
			targets = (
				DA0722E42DC880A0004E50C8 /* AntiSnooze */,
				DA0722F22DC880A1004E50C8 /* AntiSnoozeTests */,
				DA0722FC2DC880A1004E50C8 /* AntiSnoozeUITests */,
				DA0723132DC883B6004E50C8 /* AntiSnoozeWatch Watch App */,
				DA07231F2DC883B7004E50C8 /* AntiSnoozeWatch Watch AppTests */,
				DA0723292DC883B7004E50C8 /* AntiSnoozeWatch Watch AppUITests */,
			);
		};
/* End PBXProject section */

/* Begin PBXResourcesBuildPhase section */
		DA0722E32DC880A0004E50C8 /* Resources */ = {
			isa = PBXResourcesBuildPhase;
			buildActionMask = 2147483647;
			files = (
			);
			runOnlyForDeploymentPostprocessing = 0;
		};
		DA0722F12DC880A1004E50C8 /* Resources */ = {
			isa = PBXResourcesBuildPhase;
			buildActionMask = 2147483647;
			files = (
			);
			runOnlyForDeploymentPostprocessing = 0;
		};
		DA0722FB2DC880A1004E50C8 /* Resources */ = {
			isa = PBXResourcesBuildPhase;
			buildActionMask = 2147483647;
			files = (
			);
			runOnlyForDeploymentPostprocessing = 0;
		};
		DA0723122DC883B6004E50C8 /* Resources */ = {
			isa = PBXResourcesBuildPhase;
			buildActionMask = 2147483647;
			files = (
			);
			runOnlyForDeploymentPostprocessing = 0;
		};
		DA07231E2DC883B7004E50C8 /* Resources */ = {
			isa = PBXResourcesBuildPhase;
			buildActionMask = 2147483647;
			files = (
			);
			runOnlyForDeploymentPostprocessing = 0;
		};
		DA0723282DC883B7004E50C8 /* Resources */ = {
			isa = PBXResourcesBuildPhase;
			buildActionMask = 2147483647;
			files = (
			);
			runOnlyForDeploymentPostprocessing = 0;
		};
/* End PBXResourcesBuildPhase section */

/* Begin PBXSourcesBuildPhase section */
		DA0722E12DC880A0004E50C8 /* Sources */ = {
			isa = PBXSourcesBuildPhase;
			buildActionMask = 2147483647;
			files = (
				DA0723612DC89BE3004E50C8 /* Model.swift in Sources */,
				DA07235D2DC89B4E004E50C8 /* SettingsManager.swift in Sources */,
				DA07235F2DC89BDA004E50C8 /* WatchConnectivityManager.swift in Sources */,
			);
			runOnlyForDeploymentPostprocessing = 0;
		};
		DA0722EF2DC880A1004E50C8 /* Sources */ = {
			isa = PBXSourcesBuildPhase;
			buildActionMask = 2147483647;
			files = (
			);
			runOnlyForDeploymentPostprocessing = 0;
		};
		DA0722F92DC880A1004E50C8 /* Sources */ = {
			isa = PBXSourcesBuildPhase;
			buildActionMask = 2147483647;
			files = (
			);
			runOnlyForDeploymentPostprocessing = 0;
		};
		DA0723102DC883B6004E50C8 /* Sources */ = {
			isa = PBXSourcesBuildPhase;
			buildActionMask = 2147483647;
			files = (
				DA0723622DC89BE3004E50C8 /* Model.swift in Sources */,
				DA0723602DC89BDA004E50C8 /* WatchConnectivityManager.swift in Sources */,
				DA07235E2DC89B4E004E50C8 /* SettingsManager.swift in Sources */,
			);
			runOnlyForDeploymentPostprocessing = 0;
		};
		DA07231C2DC883B7004E50C8 /* Sources */ = {
			isa = PBXSourcesBuildPhase;
			buildActionMask = 2147483647;
			files = (
			);
			runOnlyForDeploymentPostprocessing = 0;
		};
		DA0723262DC883B7004E50C8 /* Sources */ = {
			isa = PBXSourcesBuildPhase;
			buildActionMask = 2147483647;
			files = (
			);
			runOnlyForDeploymentPostprocessing = 0;
		};
/* End PBXSourcesBuildPhase section */

/* Begin PBXTargetDependency section */
		DA0722F52DC880A1004E50C8 /* PBXTargetDependency */ = {
			isa = PBXTargetDependency;
			target = DA0722E42DC880A0004E50C8 /* AntiSnooze */;
			targetProxy = DA0722F42DC880A1004E50C8 /* PBXContainerItemProxy */;
		};
		DA0722FF2DC880A1004E50C8 /* PBXTargetDependency */ = {
			isa = PBXTargetDependency;
			target = DA0722E42DC880A0004E50C8 /* AntiSnooze */;
			targetProxy = DA0722FE2DC880A1004E50C8 /* PBXContainerItemProxy */;
		};
		DA0723222DC883B7004E50C8 /* PBXTargetDependency */ = {
			isa = PBXTargetDependency;
			target = DA0723132DC883B6004E50C8 /* AntiSnoozeWatch Watch App */;
			targetProxy = DA0723212DC883B7004E50C8 /* PBXContainerItemProxy */;
		};
		DA07232C2DC883B7004E50C8 /* PBXTargetDependency */ = {
			isa = PBXTargetDependency;
			target = DA0723132DC883B6004E50C8 /* AntiSnoozeWatch Watch App */;
			targetProxy = DA07232B2DC883B7004E50C8 /* PBXContainerItemProxy */;
		};
		DA0723332DC883B7004E50C8 /* PBXTargetDependency */ = {
			isa = PBXTargetDependency;
			target = DA0723132DC883B6004E50C8 /* AntiSnoozeWatch Watch App */;
			targetProxy = DA0723322DC883B7004E50C8 /* PBXContainerItemProxy */;
		};
/* End PBXTargetDependency section */

/* Begin XCBuildConfiguration section */
		DA0723052DC880A1004E50C8 /* Debug */ = {
			isa = XCBuildConfiguration;
			buildSettings = {
				ALWAYS_SEARCH_USER_PATHS = NO;
				ASSETCATALOG_COMPILER_GENERATE_SWIFT_ASSET_SYMBOL_EXTENSIONS = YES;
				CLANG_ANALYZER_NONNULL = YES;
				CLANG_ANALYZER_NUMBER_OBJECT_CONVERSION = YES_AGGRESSIVE;
				CLANG_CXX_LANGUAGE_STANDARD = "gnu++20";
				CLANG_ENABLE_MODULES = YES;
				CLANG_ENABLE_OBJC_ARC = YES;
				CLANG_ENABLE_OBJC_WEAK = YES;
				CLANG_WARN_BLOCK_CAPTURE_AUTORELEASING = YES;
				CLANG_WARN_BOOL_CONVERSION = YES;
				CLANG_WARN_COMMA = YES;
				CLANG_WARN_CONSTANT_CONVERSION = YES;
				CLANG_WARN_DEPRECATED_OBJC_IMPLEMENTATIONS = YES;
				CLANG_WARN_DIRECT_OBJC_ISA_USAGE = YES_ERROR;
				CLANG_WARN_DOCUMENTATION_COMMENTS = YES;
				CLANG_WARN_EMPTY_BODY = YES;
				CLANG_WARN_ENUM_CONVERSION = YES;
				CLANG_WARN_INFINITE_RECURSION = YES;
				CLANG_WARN_INT_CONVERSION = YES;
				CLANG_WARN_NON_LITERAL_NULL_CONVERSION = YES;
				CLANG_WARN_OBJC_IMPLICIT_RETAIN_SELF = YES;
				CLANG_WARN_OBJC_LITERAL_CONVERSION = YES;
				CLANG_WARN_OBJC_ROOT_CLASS = YES_ERROR;
				CLANG_WARN_QUOTED_INCLUDE_IN_FRAMEWORK_HEADER = YES;
				CLANG_WARN_RANGE_LOOP_ANALYSIS = YES;
				CLANG_WARN_STRICT_PROTOTYPES = YES;
				CLANG_WARN_SUSPICIOUS_MOVE = YES;
				CLANG_WARN_UNGUARDED_AVAILABILITY = YES_AGGRESSIVE;
				CLANG_WARN_UNREACHABLE_CODE = YES;
				CLANG_WARN__DUPLICATE_METHOD_MATCH = YES;
				COPY_PHASE_STRIP = NO;
				DEBUG_INFORMATION_FORMAT = dwarf;
				DEVELOPMENT_TEAM = 574V5TDPPU;
				ENABLE_STRICT_OBJC_MSGSEND = YES;
				ENABLE_TESTABILITY = YES;
				ENABLE_USER_SCRIPT_SANDBOXING = YES;
				GCC_C_LANGUAGE_STANDARD = gnu17;
				GCC_DYNAMIC_NO_PIC = NO;
				GCC_NO_COMMON_BLOCKS = YES;
				GCC_OPTIMIZATION_LEVEL = 0;
				GCC_PREPROCESSOR_DEFINITIONS = (
					"DEBUG=1",
					"$(inherited)",
				);
				GCC_WARN_64_TO_32_BIT_CONVERSION = YES;
				GCC_WARN_ABOUT_RETURN_TYPE = YES_ERROR;
				GCC_WARN_UNDECLARED_SELECTOR = YES;
				GCC_WARN_UNINITIALIZED_AUTOS = YES_AGGRESSIVE;
				GCC_WARN_UNUSED_FUNCTION = YES;
				GCC_WARN_UNUSED_VARIABLE = YES;
				LOCALIZATION_PREFERS_STRING_CATALOGS = YES;
				MTL_ENABLE_DEBUG_INFO = INCLUDE_SOURCE;
				MTL_FAST_MATH = YES;
				ONLY_ACTIVE_ARCH = YES;
				SWIFT_ACTIVE_COMPILATION_CONDITIONS = "DEBUG $(inherited)";
				SWIFT_OPTIMIZATION_LEVEL = "-Onone";
			};
			name = Debug;
		};
		DA0723062DC880A1004E50C8 /* Release */ = {
			isa = XCBuildConfiguration;
			buildSettings = {
				ALWAYS_SEARCH_USER_PATHS = NO;
				ASSETCATALOG_COMPILER_GENERATE_SWIFT_ASSET_SYMBOL_EXTENSIONS = YES;
				CLANG_ANALYZER_NONNULL = YES;
				CLANG_ANALYZER_NUMBER_OBJECT_CONVERSION = YES_AGGRESSIVE;
				CLANG_CXX_LANGUAGE_STANDARD = "gnu++20";
				CLANG_ENABLE_MODULES = YES;
				CLANG_ENABLE_OBJC_ARC = YES;
				CLANG_ENABLE_OBJC_WEAK = YES;
				CLANG_WARN_BLOCK_CAPTURE_AUTORELEASING = YES;
				CLANG_WARN_BOOL_CONVERSION = YES;
				CLANG_WARN_COMMA = YES;
				CLANG_WARN_CONSTANT_CONVERSION = YES;
				CLANG_WARN_DEPRECATED_OBJC_IMPLEMENTATIONS = YES;
				CLANG_WARN_DIRECT_OBJC_ISA_USAGE = YES_ERROR;
				CLANG_WARN_DOCUMENTATION_COMMENTS = YES;
				CLANG_WARN_EMPTY_BODY = YES;
				CLANG_WARN_ENUM_CONVERSION = YES;
				CLANG_WARN_INFINITE_RECURSION = YES;
				CLANG_WARN_INT_CONVERSION = YES;
				CLANG_WARN_NON_LITERAL_NULL_CONVERSION = YES;
				CLANG_WARN_OBJC_IMPLICIT_RETAIN_SELF = YES;
				CLANG_WARN_OBJC_LITERAL_CONVERSION = YES;
				CLANG_WARN_OBJC_ROOT_CLASS = YES_ERROR;
				CLANG_WARN_QUOTED_INCLUDE_IN_FRAMEWORK_HEADER = YES;
				CLANG_WARN_RANGE_LOOP_ANALYSIS = YES;
				CLANG_WARN_STRICT_PROTOTYPES = YES;
				CLANG_WARN_SUSPICIOUS_MOVE = YES;
				CLANG_WARN_UNGUARDED_AVAILABILITY = YES_AGGRESSIVE;
				CLANG_WARN_UNREACHABLE_CODE = YES;
				CLANG_WARN__DUPLICATE_METHOD_MATCH = YES;
				COPY_PHASE_STRIP = NO;
				DEBUG_INFORMATION_FORMAT = "dwarf-with-dsym";
				DEVELOPMENT_TEAM = 574V5TDPPU;
				ENABLE_NS_ASSERTIONS = NO;
				ENABLE_STRICT_OBJC_MSGSEND = YES;
				ENABLE_USER_SCRIPT_SANDBOXING = YES;
				GCC_C_LANGUAGE_STANDARD = gnu17;
				GCC_NO_COMMON_BLOCKS = YES;
				GCC_WARN_64_TO_32_BIT_CONVERSION = YES;
				GCC_WARN_ABOUT_RETURN_TYPE = YES_ERROR;
				GCC_WARN_UNDECLARED_SELECTOR = YES;
				GCC_WARN_UNINITIALIZED_AUTOS = YES_AGGRESSIVE;
				GCC_WARN_UNUSED_FUNCTION = YES;
				GCC_WARN_UNUSED_VARIABLE = YES;
				LOCALIZATION_PREFERS_STRING_CATALOGS = YES;
				MTL_ENABLE_DEBUG_INFO = NO;
				MTL_FAST_MATH = YES;
				SWIFT_COMPILATION_MODE = wholemodule;
			};
			name = Release;
		};
		DA0723082DC880A1004E50C8 /* Debug */ = {
			isa = XCBuildConfiguration;
			buildSettings = {
				ASSETCATALOG_COMPILER_APPICON_NAME = AppIcon;
				ASSETCATALOG_COMPILER_GLOBAL_ACCENT_COLOR_NAME = AccentColor;
				CODE_SIGN_ENTITLEMENTS = AntiSnooze/AntiSnooze.entitlements;
				CODE_SIGN_STYLE = Automatic;
				CURRENT_PROJECT_VERSION = 1;
				DEVELOPMENT_TEAM = 574V5TDPPU;
				ENABLE_HARDENED_RUNTIME = YES;
				ENABLE_PREVIEWS = YES;
				GENERATE_INFOPLIST_FILE = YES;
				"INFOPLIST_KEY_UIApplicationSceneManifest_Generation[sdk=iphoneos*]" = YES;
				"INFOPLIST_KEY_UIApplicationSceneManifest_Generation[sdk=iphonesimulator*]" = YES;
				"INFOPLIST_KEY_UIApplicationSupportsIndirectInputEvents[sdk=iphoneos*]" = YES;
				"INFOPLIST_KEY_UIApplicationSupportsIndirectInputEvents[sdk=iphonesimulator*]" = YES;
				"INFOPLIST_KEY_UILaunchScreen_Generation[sdk=iphoneos*]" = YES;
				"INFOPLIST_KEY_UILaunchScreen_Generation[sdk=iphonesimulator*]" = YES;
				"INFOPLIST_KEY_UIStatusBarStyle[sdk=iphoneos*]" = UIStatusBarStyleDefault;
				"INFOPLIST_KEY_UIStatusBarStyle[sdk=iphonesimulator*]" = UIStatusBarStyleDefault;
				INFOPLIST_KEY_UISupportedInterfaceOrientations_iPad = "UIInterfaceOrientationPortrait UIInterfaceOrientationPortraitUpsideDown UIInterfaceOrientationLandscapeLeft UIInterfaceOrientationLandscapeRight";
				INFOPLIST_KEY_UISupportedInterfaceOrientations_iPhone = "UIInterfaceOrientationPortrait UIInterfaceOrientationLandscapeLeft UIInterfaceOrientationLandscapeRight";
				IPHONEOS_DEPLOYMENT_TARGET = 18.4;
				LD_RUNPATH_SEARCH_PATHS = "@executable_path/Frameworks";
				"LD_RUNPATH_SEARCH_PATHS[sdk=macosx*]" = "@executable_path/../Frameworks";
				MACOSX_DEPLOYMENT_TARGET = 15.4;
				MARKETING_VERSION = 1.0;
				PRODUCT_BUNDLE_IDENTIFIER = com.akkylab.AntiSnooze;
				PRODUCT_NAME = "$(TARGET_NAME)";
				REGISTER_APP_GROUPS = YES;
				SDKROOT = auto;
				SUPPORTED_PLATFORMS = "iphoneos iphonesimulator macosx xros xrsimulator";
				SWIFT_EMIT_LOC_STRINGS = YES;
				SWIFT_VERSION = 5.0;
				TARGETED_DEVICE_FAMILY = "1,2,7";
				XROS_DEPLOYMENT_TARGET = 2.4;
			};
			name = Debug;
		};
		DA0723092DC880A1004E50C8 /* Release */ = {
			isa = XCBuildConfiguration;
			buildSettings = {
				ASSETCATALOG_COMPILER_APPICON_NAME = AppIcon;
				ASSETCATALOG_COMPILER_GLOBAL_ACCENT_COLOR_NAME = AccentColor;
				CODE_SIGN_ENTITLEMENTS = AntiSnooze/AntiSnooze.entitlements;
				CODE_SIGN_STYLE = Automatic;
				CURRENT_PROJECT_VERSION = 1;
				DEVELOPMENT_TEAM = 574V5TDPPU;
				ENABLE_HARDENED_RUNTIME = YES;
				ENABLE_PREVIEWS = YES;
				GENERATE_INFOPLIST_FILE = YES;
				"INFOPLIST_KEY_UIApplicationSceneManifest_Generation[sdk=iphoneos*]" = YES;
				"INFOPLIST_KEY_UIApplicationSceneManifest_Generation[sdk=iphonesimulator*]" = YES;
				"INFOPLIST_KEY_UIApplicationSupportsIndirectInputEvents[sdk=iphoneos*]" = YES;
				"INFOPLIST_KEY_UIApplicationSupportsIndirectInputEvents[sdk=iphonesimulator*]" = YES;
				"INFOPLIST_KEY_UILaunchScreen_Generation[sdk=iphoneos*]" = YES;
				"INFOPLIST_KEY_UILaunchScreen_Generation[sdk=iphonesimulator*]" = YES;
				"INFOPLIST_KEY_UIStatusBarStyle[sdk=iphoneos*]" = UIStatusBarStyleDefault;
				"INFOPLIST_KEY_UIStatusBarStyle[sdk=iphonesimulator*]" = UIStatusBarStyleDefault;
				INFOPLIST_KEY_UISupportedInterfaceOrientations_iPad = "UIInterfaceOrientationPortrait UIInterfaceOrientationPortraitUpsideDown UIInterfaceOrientationLandscapeLeft UIInterfaceOrientationLandscapeRight";
				INFOPLIST_KEY_UISupportedInterfaceOrientations_iPhone = "UIInterfaceOrientationPortrait UIInterfaceOrientationLandscapeLeft UIInterfaceOrientationLandscapeRight";
				IPHONEOS_DEPLOYMENT_TARGET = 18.4;
				LD_RUNPATH_SEARCH_PATHS = "@executable_path/Frameworks";
				"LD_RUNPATH_SEARCH_PATHS[sdk=macosx*]" = "@executable_path/../Frameworks";
				MACOSX_DEPLOYMENT_TARGET = 15.4;
				MARKETING_VERSION = 1.0;
				PRODUCT_BUNDLE_IDENTIFIER = com.akkylab.AntiSnooze;
				PRODUCT_NAME = "$(TARGET_NAME)";
				REGISTER_APP_GROUPS = YES;
				SDKROOT = auto;
				SUPPORTED_PLATFORMS = "iphoneos iphonesimulator macosx xros xrsimulator";
				SWIFT_EMIT_LOC_STRINGS = YES;
				SWIFT_VERSION = 5.0;
				TARGETED_DEVICE_FAMILY = "1,2,7";
				XROS_DEPLOYMENT_TARGET = 2.4;
			};
			name = Release;
		};
		DA07230B2DC880A1004E50C8 /* Debug */ = {
			isa = XCBuildConfiguration;
			buildSettings = {
				BUNDLE_LOADER = "$(TEST_HOST)";
				CODE_SIGN_STYLE = Automatic;
				CURRENT_PROJECT_VERSION = 1;
				DEVELOPMENT_TEAM = 574V5TDPPU;
				GENERATE_INFOPLIST_FILE = YES;
				IPHONEOS_DEPLOYMENT_TARGET = 18.4;
				MACOSX_DEPLOYMENT_TARGET = 15.4;
				MARKETING_VERSION = 1.0;
				PRODUCT_BUNDLE_IDENTIFIER = com.akkylab.AntiSnoozeTests;
				PRODUCT_NAME = "$(TARGET_NAME)";
				SDKROOT = auto;
				SUPPORTED_PLATFORMS = "iphoneos iphonesimulator macosx xros xrsimulator";
				SWIFT_EMIT_LOC_STRINGS = NO;
				SWIFT_VERSION = 5.0;
				TARGETED_DEVICE_FAMILY = "1,2,7";
				TEST_HOST = "$(BUILT_PRODUCTS_DIR)/AntiSnooze.app/$(BUNDLE_EXECUTABLE_FOLDER_PATH)/AntiSnooze";
				XROS_DEPLOYMENT_TARGET = 2.4;
			};
			name = Debug;
		};
		DA07230C2DC880A1004E50C8 /* Release */ = {
			isa = XCBuildConfiguration;
			buildSettings = {
				BUNDLE_LOADER = "$(TEST_HOST)";
				CODE_SIGN_STYLE = Automatic;
				CURRENT_PROJECT_VERSION = 1;
				DEVELOPMENT_TEAM = 574V5TDPPU;
				GENERATE_INFOPLIST_FILE = YES;
				IPHONEOS_DEPLOYMENT_TARGET = 18.4;
				MACOSX_DEPLOYMENT_TARGET = 15.4;
				MARKETING_VERSION = 1.0;
				PRODUCT_BUNDLE_IDENTIFIER = com.akkylab.AntiSnoozeTests;
				PRODUCT_NAME = "$(TARGET_NAME)";
				SDKROOT = auto;
				SUPPORTED_PLATFORMS = "iphoneos iphonesimulator macosx xros xrsimulator";
				SWIFT_EMIT_LOC_STRINGS = NO;
				SWIFT_VERSION = 5.0;
				TARGETED_DEVICE_FAMILY = "1,2,7";
				TEST_HOST = "$(BUILT_PRODUCTS_DIR)/AntiSnooze.app/$(BUNDLE_EXECUTABLE_FOLDER_PATH)/AntiSnooze";
				XROS_DEPLOYMENT_TARGET = 2.4;
			};
			name = Release;
		};
		DA07230E2DC880A1004E50C8 /* Debug */ = {
			isa = XCBuildConfiguration;
			buildSettings = {
				CODE_SIGN_STYLE = Automatic;
				CURRENT_PROJECT_VERSION = 1;
				DEVELOPMENT_TEAM = 574V5TDPPU;
				GENERATE_INFOPLIST_FILE = YES;
				IPHONEOS_DEPLOYMENT_TARGET = 18.4;
				MACOSX_DEPLOYMENT_TARGET = 15.4;
				MARKETING_VERSION = 1.0;
				PRODUCT_BUNDLE_IDENTIFIER = com.akkylab.AntiSnoozeUITests;
				PRODUCT_NAME = "$(TARGET_NAME)";
				SDKROOT = auto;
				SUPPORTED_PLATFORMS = "iphoneos iphonesimulator macosx xros xrsimulator";
				SWIFT_EMIT_LOC_STRINGS = NO;
				SWIFT_VERSION = 5.0;
				TARGETED_DEVICE_FAMILY = "1,2,7";
				TEST_TARGET_NAME = AntiSnooze;
				XROS_DEPLOYMENT_TARGET = 2.4;
			};
			name = Debug;
		};
		DA07230F2DC880A1004E50C8 /* Release */ = {
			isa = XCBuildConfiguration;
			buildSettings = {
				CODE_SIGN_STYLE = Automatic;
				CURRENT_PROJECT_VERSION = 1;
				DEVELOPMENT_TEAM = 574V5TDPPU;
				GENERATE_INFOPLIST_FILE = YES;
				IPHONEOS_DEPLOYMENT_TARGET = 18.4;
				MACOSX_DEPLOYMENT_TARGET = 15.4;
				MARKETING_VERSION = 1.0;
				PRODUCT_BUNDLE_IDENTIFIER = com.akkylab.AntiSnoozeUITests;
				PRODUCT_NAME = "$(TARGET_NAME)";
				SDKROOT = auto;
				SUPPORTED_PLATFORMS = "iphoneos iphonesimulator macosx xros xrsimulator";
				SWIFT_EMIT_LOC_STRINGS = NO;
				SWIFT_VERSION = 5.0;
				TARGETED_DEVICE_FAMILY = "1,2,7";
				TEST_TARGET_NAME = AntiSnooze;
				XROS_DEPLOYMENT_TARGET = 2.4;
			};
			name = Release;
		};
		DA0723362DC883B7004E50C8 /* Debug */ = {
			isa = XCBuildConfiguration;
			buildSettings = {
				ASSETCATALOG_COMPILER_APPICON_NAME = AppIcon;
				ASSETCATALOG_COMPILER_GLOBAL_ACCENT_COLOR_NAME = AccentColor;
				CODE_SIGN_ENTITLEMENTS = "AntiSnoozeWatch Watch App/AntiSnoozeWatch Watch App.entitlements";
				CODE_SIGN_STYLE = Automatic;
				CURRENT_PROJECT_VERSION = 1;
				DEVELOPMENT_TEAM = 574V5TDPPU;
				ENABLE_PREVIEWS = YES;
				GENERATE_INFOPLIST_FILE = YES;
				INFOPLIST_FILE = "AntiSnoozeWatch-Watch-App-Info.plist";
				INFOPLIST_KEY_CFBundleDisplayName = AntiSnoozeWatch;
				INFOPLIST_KEY_UISupportedInterfaceOrientations = "UIInterfaceOrientationPortrait UIInterfaceOrientationPortraitUpsideDown";
				INFOPLIST_KEY_WKCompanionAppBundleIdentifier = com.akkylab.AntiSnooze;
				LD_RUNPATH_SEARCH_PATHS = (
					"$(inherited)",
					"@executable_path/Frameworks",
				);
				MARKETING_VERSION = 1.0;
				PRODUCT_BUNDLE_IDENTIFIER = com.akkylab.AntiSnooze.watchkitapp;
				PRODUCT_NAME = "$(TARGET_NAME)";
				SDKROOT = watchos;
				SKIP_INSTALL = YES;
				SWIFT_EMIT_LOC_STRINGS = YES;
				SWIFT_VERSION = 5.0;
				TARGETED_DEVICE_FAMILY = 4;
				WATCHOS_DEPLOYMENT_TARGET = 11.4;
			};
			name = Debug;
		};
		DA0723372DC883B7004E50C8 /* Release */ = {
			isa = XCBuildConfiguration;
			buildSettings = {
				ASSETCATALOG_COMPILER_APPICON_NAME = AppIcon;
				ASSETCATALOG_COMPILER_GLOBAL_ACCENT_COLOR_NAME = AccentColor;
				CODE_SIGN_ENTITLEMENTS = "AntiSnoozeWatch Watch App/AntiSnoozeWatch Watch App.entitlements";
				CODE_SIGN_STYLE = Automatic;
				CURRENT_PROJECT_VERSION = 1;
				DEVELOPMENT_TEAM = 574V5TDPPU;
				ENABLE_PREVIEWS = YES;
				GENERATE_INFOPLIST_FILE = YES;
				INFOPLIST_FILE = "AntiSnoozeWatch-Watch-App-Info.plist";
				INFOPLIST_KEY_CFBundleDisplayName = AntiSnoozeWatch;
				INFOPLIST_KEY_UISupportedInterfaceOrientations = "UIInterfaceOrientationPortrait UIInterfaceOrientationPortraitUpsideDown";
				INFOPLIST_KEY_WKCompanionAppBundleIdentifier = com.akkylab.AntiSnooze;
				LD_RUNPATH_SEARCH_PATHS = (
					"$(inherited)",
					"@executable_path/Frameworks",
				);
				MARKETING_VERSION = 1.0;
				PRODUCT_BUNDLE_IDENTIFIER = com.akkylab.AntiSnooze.watchkitapp;
				PRODUCT_NAME = "$(TARGET_NAME)";
				SDKROOT = watchos;
				SKIP_INSTALL = YES;
				SWIFT_EMIT_LOC_STRINGS = YES;
				SWIFT_VERSION = 5.0;
				TARGETED_DEVICE_FAMILY = 4;
				VALIDATE_PRODUCT = YES;
				WATCHOS_DEPLOYMENT_TARGET = 11.4;
			};
			name = Release;
		};
		DA07233A2DC883B7004E50C8 /* Debug */ = {
			isa = XCBuildConfiguration;
			buildSettings = {
				BUNDLE_LOADER = "$(TEST_HOST)";
				CODE_SIGN_STYLE = Automatic;
				CURRENT_PROJECT_VERSION = 1;
				DEVELOPMENT_TEAM = 574V5TDPPU;
				GENERATE_INFOPLIST_FILE = YES;
				MARKETING_VERSION = 1.0;
				PRODUCT_BUNDLE_IDENTIFIER = "com.akkylab.AntiSnoozeWatch-Watch-AppTests";
				PRODUCT_NAME = "$(TARGET_NAME)";
				SDKROOT = watchos;
				SWIFT_EMIT_LOC_STRINGS = NO;
				SWIFT_VERSION = 5.0;
				TARGETED_DEVICE_FAMILY = 4;
				TEST_HOST = "$(BUILT_PRODUCTS_DIR)/AntiSnoozeWatch Watch App.app/$(BUNDLE_EXECUTABLE_FOLDER_PATH)/AntiSnoozeWatch Watch App";
				WATCHOS_DEPLOYMENT_TARGET = 11.4;
			};
			name = Debug;
		};
		DA07233B2DC883B7004E50C8 /* Release */ = {
			isa = XCBuildConfiguration;
			buildSettings = {
				BUNDLE_LOADER = "$(TEST_HOST)";
				CODE_SIGN_STYLE = Automatic;
				CURRENT_PROJECT_VERSION = 1;
				DEVELOPMENT_TEAM = 574V5TDPPU;
				GENERATE_INFOPLIST_FILE = YES;
				MARKETING_VERSION = 1.0;
				PRODUCT_BUNDLE_IDENTIFIER = "com.akkylab.AntiSnoozeWatch-Watch-AppTests";
				PRODUCT_NAME = "$(TARGET_NAME)";
				SDKROOT = watchos;
				SWIFT_EMIT_LOC_STRINGS = NO;
				SWIFT_VERSION = 5.0;
				TARGETED_DEVICE_FAMILY = 4;
				TEST_HOST = "$(BUILT_PRODUCTS_DIR)/AntiSnoozeWatch Watch App.app/$(BUNDLE_EXECUTABLE_FOLDER_PATH)/AntiSnoozeWatch Watch App";
				VALIDATE_PRODUCT = YES;
				WATCHOS_DEPLOYMENT_TARGET = 11.4;
			};
			name = Release;
		};
		DA07233D2DC883B7004E50C8 /* Debug */ = {
			isa = XCBuildConfiguration;
			buildSettings = {
				CODE_SIGN_STYLE = Automatic;
				CURRENT_PROJECT_VERSION = 1;
				DEVELOPMENT_TEAM = 574V5TDPPU;
				GENERATE_INFOPLIST_FILE = YES;
				MARKETING_VERSION = 1.0;
				PRODUCT_BUNDLE_IDENTIFIER = "com.akkylab.AntiSnoozeWatch-Watch-AppUITests";
				PRODUCT_NAME = "$(TARGET_NAME)";
				SDKROOT = watchos;
				SWIFT_EMIT_LOC_STRINGS = NO;
				SWIFT_VERSION = 5.0;
				TARGETED_DEVICE_FAMILY = 4;
				TEST_TARGET_NAME = "AntiSnoozeWatch Watch App";
				WATCHOS_DEPLOYMENT_TARGET = 11.4;
			};
			name = Debug;
		};
		DA07233E2DC883B7004E50C8 /* Release */ = {
			isa = XCBuildConfiguration;
			buildSettings = {
				CODE_SIGN_STYLE = Automatic;
				CURRENT_PROJECT_VERSION = 1;
				DEVELOPMENT_TEAM = 574V5TDPPU;
				GENERATE_INFOPLIST_FILE = YES;
				MARKETING_VERSION = 1.0;
				PRODUCT_BUNDLE_IDENTIFIER = "com.akkylab.AntiSnoozeWatch-Watch-AppUITests";
				PRODUCT_NAME = "$(TARGET_NAME)";
				SDKROOT = watchos;
				SWIFT_EMIT_LOC_STRINGS = NO;
				SWIFT_VERSION = 5.0;
				TARGETED_DEVICE_FAMILY = 4;
				TEST_TARGET_NAME = "AntiSnoozeWatch Watch App";
				VALIDATE_PRODUCT = YES;
				WATCHOS_DEPLOYMENT_TARGET = 11.4;
			};
			name = Release;
		};
/* End XCBuildConfiguration section */

/* Begin XCConfigurationList section */
		DA0722E02DC880A0004E50C8 /* Build configuration list for PBXProject "AntiSnooze" */ = {
			isa = XCConfigurationList;
			buildConfigurations = (
				DA0723052DC880A1004E50C8 /* Debug */,
				DA0723062DC880A1004E50C8 /* Release */,
			);
			defaultConfigurationIsVisible = 0;
			defaultConfigurationName = Release;
		};
		DA0723072DC880A1004E50C8 /* Build configuration list for PBXNativeTarget "AntiSnooze" */ = {
			isa = XCConfigurationList;
			buildConfigurations = (
				DA0723082DC880A1004E50C8 /* Debug */,
				DA0723092DC880A1004E50C8 /* Release */,
			);
			defaultConfigurationIsVisible = 0;
			defaultConfigurationName = Release;
		};
		DA07230A2DC880A1004E50C8 /* Build configuration list for PBXNativeTarget "AntiSnoozeTests" */ = {
			isa = XCConfigurationList;
			buildConfigurations = (
				DA07230B2DC880A1004E50C8 /* Debug */,
				DA07230C2DC880A1004E50C8 /* Release */,
			);
			defaultConfigurationIsVisible = 0;
			defaultConfigurationName = Release;
		};
		DA07230D2DC880A1004E50C8 /* Build configuration list for PBXNativeTarget "AntiSnoozeUITests" */ = {
			isa = XCConfigurationList;
			buildConfigurations = (
				DA07230E2DC880A1004E50C8 /* Debug */,
				DA07230F2DC880A1004E50C8 /* Release */,
			);
			defaultConfigurationIsVisible = 0;
			defaultConfigurationName = Release;
		};
		DA0723352DC883B7004E50C8 /* Build configuration list for PBXNativeTarget "AntiSnoozeWatch Watch App" */ = {
			isa = XCConfigurationList;
			buildConfigurations = (
				DA0723362DC883B7004E50C8 /* Debug */,
				DA0723372DC883B7004E50C8 /* Release */,
			);
			defaultConfigurationIsVisible = 0;
			defaultConfigurationName = Release;
		};
		DA0723392DC883B7004E50C8 /* Build configuration list for PBXNativeTarget "AntiSnoozeWatch Watch AppTests" */ = {
			isa = XCConfigurationList;
			buildConfigurations = (
				DA07233A2DC883B7004E50C8 /* Debug */,
				DA07233B2DC883B7004E50C8 /* Release */,
			);
			defaultConfigurationIsVisible = 0;
			defaultConfigurationName = Release;
		};
		DA07233C2DC883B7004E50C8 /* Build configuration list for PBXNativeTarget "AntiSnoozeWatch Watch AppUITests" */ = {
			isa = XCConfigurationList;
			buildConfigurations = (
				DA07233D2DC883B7004E50C8 /* Debug */,
				DA07233E2DC883B7004E50C8 /* Release */,
			);
			defaultConfigurationIsVisible = 0;
			defaultConfigurationName = Release;
		};
/* End XCConfigurationList section */
	};
	rootObject = DA0722DD2DC880A0004E50C8 /* Project object */;
}
